<Solution>
  <Project Path="AbstractFactoryPattern/AbstractFactoryPattern.csproj" Id="65010b12-bc68-4e65-9f97-640b6c0a1b91" />
  <Project Path="BuilderPatternPractice/BuilderPattern.csproj" />
  <Project Path="CompositePattern/CompositePattern.csproj" Id="a6d95254-e2dd-4cfa-9cb5-59d0fb678dbf" />
  <Project Path="DecoratorPattern/DecoratorPattern.csproj" Id="81902e26-429a-4495-9246-bce1130124f7" />
</Solution>
