<Solution>
  <Project Path="AbstractFactoryPattern/AbstractFactoryPattern.csproj" Id="65010b12-bc68-4e65-9f97-640b6c0a1b91" />
  <Project Path="AdapterPattern/AdapterPattern.csproj" Id="fb9c6127-d892-4c2d-8297-c14a6a0575a1" />
  <Project Path="BuilderPatternPractice/BuilderPattern.csproj" />
  <Project Path="CompositePattern/CompositePattern.csproj" Id="a6d95254-e2dd-4cfa-9cb5-59d0fb678dbf" />
  <Project Path="DecoratorPattern/DecoratorPattern.csproj" Id="81902e26-429a-4495-9246-bce1130124f7" />
  <Project Path="FacadePattern/FacadePattern.csproj" Id="1abd1e0f-5656-4081-a5c8-286fd36a8b97" />
</Solution>
